// !$*UTF8*$!
{
	archiveVersion = 1;
	classes = {
	};
	objectVersion = 45;
	objects = {

/* Begin PBXBuildFile section */
		1D3623260D0F684500981E51 /* CustomCalloutAppDelegate.m in Sources */ = {isa = PBXBuildFile; fileRef = 1D3623250D0F684500981E51 /* CustomCalloutAppDelegate.m */; };
		1D60589B0D05DD56006BFB54 /* main.m in Sources */ = {isa = PBXBuildFile; fileRef = 29B97316FDCFA39411CA2CEA /* main.m */; };
		1D60589F0D05DD5A006BFB54 /* Foundation.framework in Frameworks */ = {isa = PBXBuildFile; fileRef = 1D30AB110D05D00D00671497 /* Foundation.framework */; };
		1DF5F4E00D08C38300B7A737 /* UIKit.framework in Frameworks */ = {isa = PBXBuildFile; fileRef = 1DF5F4DF0D08C38300B7A737 /* UIKit.framework */; };
		288765A50DF7441C002DB57D /* CoreGraphics.framework in Frameworks */ = {isa = PBXBuildFile; fileRef = 288765A40DF7441C002DB57D /* CoreGraphics.framework */; };
		2899E5220DE3E06400AC0155 /* CustomCalloutViewController.xib in Resources */ = {isa = PBXBuildFile; fileRef = 2899E5210DE3E06400AC0155 /* CustomCalloutViewController.xib */; };
		28AD733F0D9D9553002E5188 /* MainWindow.xib in Resources */ = {isa = PBXBuildFile; fileRef = 28AD733E0D9D9553002E5188 /* MainWindow.xib */; };
		28D7ACF80DDB3853001CB0EB /* CustomCalloutViewController.m in Sources */ = {isa = PBXBuildFile; fileRef = 28D7ACF70DDB3853001CB0EB /* CustomCalloutViewController.m */; };
		ECC640CC12EEFB4800D0D50E /* UICalloutViewTopAnchor@2x.png in Resources */ = {isa = PBXBuildFile; fileRef = ECC640C112EEFB4800D0D50E /* UICalloutViewTopAnchor@2x.png */; };
		ECC640CD12EEFB4800D0D50E /* UICalloutViewRightCap@2x.png in Resources */ = {isa = PBXBuildFile; fileRef = ECC640C212EEFB4800D0D50E /* UICalloutViewRightCap@2x.png */; };
		ECC640CE12EEFB4800D0D50E /* UICalloutViewLeftCap@2x.png in Resources */ = {isa = PBXBuildFile; fileRef = ECC640C312EEFB4800D0D50E /* UICalloutViewLeftCap@2x.png */; };
		ECC640CF12EEFB4800D0D50E /* UICalloutViewBottomAnchor@2x.png in Resources */ = {isa = PBXBuildFile; fileRef = ECC640C412EEFB4800D0D50E /* UICalloutViewBottomAnchor@2x.png */; };
		ECC640D012EEFB4800D0D50E /* UICalloutViewBackground@2x.png in Resources */ = {isa = PBXBuildFile; fileRef = ECC640C512EEFB4800D0D50E /* UICalloutViewBackground@2x.png */; };
		ECC640D112EEFB4800D0D50E /* UICalloutViewTopAnchor.png in Resources */ = {isa = PBXBuildFile; fileRef = ECC640C612EEFB4800D0D50E /* UICalloutViewTopAnchor.png */; };
		ECC640D212EEFB4800D0D50E /* UICalloutViewRightCap.png in Resources */ = {isa = PBXBuildFile; fileRef = ECC640C712EEFB4800D0D50E /* UICalloutViewRightCap.png */; };
		ECC640D312EEFB4800D0D50E /* UICalloutViewLeftCap.png in Resources */ = {isa = PBXBuildFile; fileRef = ECC640C812EEFB4800D0D50E /* UICalloutViewLeftCap.png */; };
		ECC640D412EEFB4800D0D50E /* UICalloutViewBottomAnchor.png in Resources */ = {isa = PBXBuildFile; fileRef = ECC640C912EEFB4800D0D50E /* UICalloutViewBottomAnchor.png */; };
		ECC640D512EEFB4800D0D50E /* UICalloutViewBackground.png in Resources */ = {isa = PBXBuildFile; fileRef = ECC640CA12EEFB4800D0D50E /* UICalloutViewBackground.png */; };
		ECC640DA12EEFB5400D0D50E /* UIView+position.m in Sources */ = {isa = PBXBuildFile; fileRef = ECC640D712EEFB5400D0D50E /* UIView+position.m */; };
		ECC640DB12EEFB5400D0D50E /* CustomCallout.m in Sources */ = {isa = PBXBuildFile; fileRef = ECC640D912EEFB5400D0D50E /* CustomCallout.m */; };
/* End PBXBuildFile section */

/* Begin PBXFileReference section */
		1D30AB110D05D00D00671497 /* Foundation.framework */ = {isa = PBXFileReference; lastKnownFileType = wrapper.framework; name = Foundation.framework; path = System/Library/Frameworks/Foundation.framework; sourceTree = SDKROOT; };
		1D3623240D0F684500981E51 /* CustomCalloutAppDelegate.h */ = {isa = PBXFileReference; fileEncoding = 4; lastKnownFileType = sourcecode.c.h; path = CustomCalloutAppDelegate.h; sourceTree = "<group>"; };
		1D3623250D0F684500981E51 /* CustomCalloutAppDelegate.m */ = {isa = PBXFileReference; fileEncoding = 4; lastKnownFileType = sourcecode.c.objc; path = CustomCalloutAppDelegate.m; sourceTree = "<group>"; };
		1D6058910D05DD3D006BFB54 /* CustomCallout.app */ = {isa = PBXFileReference; explicitFileType = wrapper.application; includeInIndex = 0; path = CustomCallout.app; sourceTree = BUILT_PRODUCTS_DIR; };
		1DF5F4DF0D08C38300B7A737 /* UIKit.framework */ = {isa = PBXFileReference; lastKnownFileType = wrapper.framework; name = UIKit.framework; path = System/Library/Frameworks/UIKit.framework; sourceTree = SDKROOT; };
		288765A40DF7441C002DB57D /* CoreGraphics.framework */ = {isa = PBXFileReference; lastKnownFileType = wrapper.framework; name = CoreGraphics.framework; path = System/Library/Frameworks/CoreGraphics.framework; sourceTree = SDKROOT; };
		2899E5210DE3E06400AC0155 /* CustomCalloutViewController.xib */ = {isa = PBXFileReference; lastKnownFileType = file.xib; path = CustomCalloutViewController.xib; sourceTree = "<group>"; };
		28AD733E0D9D9553002E5188 /* MainWindow.xib */ = {isa = PBXFileReference; lastKnownFileType = file.xib; path = MainWindow.xib; sourceTree = "<group>"; };
		28D7ACF60DDB3853001CB0EB /* CustomCalloutViewController.h */ = {isa = PBXFileReference; fileEncoding = 4; lastKnownFileType = sourcecode.c.h; path = CustomCalloutViewController.h; sourceTree = "<group>"; };
		28D7ACF70DDB3853001CB0EB /* CustomCalloutViewController.m */ = {isa = PBXFileReference; fileEncoding = 4; lastKnownFileType = sourcecode.c.objc; path = CustomCalloutViewController.m; sourceTree = "<group>"; };
		29B97316FDCFA39411CA2CEA /* main.m */ = {isa = PBXFileReference; fileEncoding = 4; lastKnownFileType = sourcecode.c.objc; path = main.m; sourceTree = "<group>"; };
		32CA4F630368D1EE00C91783 /* CustomCallout_Prefix.pch */ = {isa = PBXFileReference; fileEncoding = 4; lastKnownFileType = sourcecode.c.h; path = CustomCallout_Prefix.pch; sourceTree = "<group>"; };
		8D1107310486CEB800E47090 /* CustomCallout-Info.plist */ = {isa = PBXFileReference; fileEncoding = 4; lastKnownFileType = text.plist.xml; path = "CustomCallout-Info.plist"; plistStructureDefinitionIdentifier = "com.apple.xcode.plist.structure-definition.iphone.info-plist"; sourceTree = "<group>"; };
		ECC640C112EEFB4800D0D50E /* UICalloutViewTopAnchor@2x.png */ = {isa = PBXFileReference; lastKnownFileType = image.png; path = "UICalloutViewTopAnchor@2x.png"; sourceTree = "<group>"; };
		ECC640C212EEFB4800D0D50E /* UICalloutViewRightCap@2x.png */ = {isa = PBXFileReference; lastKnownFileType = image.png; path = "UICalloutViewRightCap@2x.png"; sourceTree = "<group>"; };
		ECC640C312EEFB4800D0D50E /* UICalloutViewLeftCap@2x.png */ = {isa = PBXFileReference; lastKnownFileType = image.png; path = "UICalloutViewLeftCap@2x.png"; sourceTree = "<group>"; };
		ECC640C412EEFB4800D0D50E /* UICalloutViewBottomAnchor@2x.png */ = {isa = PBXFileReference; lastKnownFileType = image.png; path = "UICalloutViewBottomAnchor@2x.png"; sourceTree = "<group>"; };
		ECC640C512EEFB4800D0D50E /* UICalloutViewBackground@2x.png */ = {isa = PBXFileReference; lastKnownFileType = image.png; path = "UICalloutViewBackground@2x.png"; sourceTree = "<group>"; };
		ECC640C612EEFB4800D0D50E /* UICalloutViewTopAnchor.png */ = {isa = PBXFileReference; lastKnownFileType = image.png; path = UICalloutViewTopAnchor.png; sourceTree = "<group>"; };
		ECC640C712EEFB4800D0D50E /* UICalloutViewRightCap.png */ = {isa = PBXFileReference; lastKnownFileType = image.png; path = UICalloutViewRightCap.png; sourceTree = "<group>"; };
		ECC640C812EEFB4800D0D50E /* UICalloutViewLeftCap.png */ = {isa = PBXFileReference; lastKnownFileType = image.png; path = UICalloutViewLeftCap.png; sourceTree = "<group>"; };
		ECC640C912EEFB4800D0D50E /* UICalloutViewBottomAnchor.png */ = {isa = PBXFileReference; lastKnownFileType = image.png; path = UICalloutViewBottomAnchor.png; sourceTree = "<group>"; };
		ECC640CA12EEFB4800D0D50E /* UICalloutViewBackground.png */ = {isa = PBXFileReference; lastKnownFileType = image.png; path = UICalloutViewBackground.png; sourceTree = "<group>"; };
		ECC640D612EEFB5400D0D50E /* UIView+position.h */ = {isa = PBXFileReference; fileEncoding = 4; lastKnownFileType = sourcecode.c.h; path = "UIView+position.h"; sourceTree = "<group>"; };
		ECC640D712EEFB5400D0D50E /* UIView+position.m */ = {isa = PBXFileReference; fileEncoding = 4; lastKnownFileType = sourcecode.c.objc; path = "UIView+position.m"; sourceTree = "<group>"; };
		ECC640D812EEFB5400D0D50E /* CustomCallout.h */ = {isa = PBXFileReference; fileEncoding = 4; lastKnownFileType = sourcecode.c.h; path = CustomCallout.h; sourceTree = "<group>"; };
		ECC640D912EEFB5400D0D50E /* CustomCallout.m */ = {isa = PBXFileReference; fileEncoding = 4; lastKnownFileType = sourcecode.c.objc; path = CustomCallout.m; sourceTree = "<group>"; };
/* End PBXFileReference section */

/* Begin PBXFrameworksBuildPhase section */
		1D60588F0D05DD3D006BFB54 /* Frameworks */ = {
			isa = PBXFrameworksBuildPhase;
			buildActionMask = 2147483647;
			files = (
				1D60589F0D05DD5A006BFB54 /* Foundation.framework in Frameworks */,
				1DF5F4E00D08C38300B7A737 /* UIKit.framework in Frameworks */,
				288765A50DF7441C002DB57D /* CoreGraphics.framework in Frameworks */,
			);
			runOnlyForDeploymentPostprocessing = 0;
		};
/* End PBXFrameworksBuildPhase section */

/* Begin PBXGroup section */
		080E96DDFE201D6D7F000001 /* Classes */ = {
			isa = PBXGroup;
			children = (
				ECC640D612EEFB5400D0D50E /* UIView+position.h */,
				ECC640D712EEFB5400D0D50E /* UIView+position.m */,
				ECC640D812EEFB5400D0D50E /* CustomCallout.h */,
				ECC640D912EEFB5400D0D50E /* CustomCallout.m */,
				1D3623240D0F684500981E51 /* CustomCalloutAppDelegate.h */,
				1D3623250D0F684500981E51 /* CustomCalloutAppDelegate.m */,
				28D7ACF60DDB3853001CB0EB /* CustomCalloutViewController.h */,
				28D7ACF70DDB3853001CB0EB /* CustomCalloutViewController.m */,
			);
			path = Classes;
			sourceTree = "<group>";
		};
		19C28FACFE9D520D11CA2CBB /* Products */ = {
			isa = PBXGroup;
			children = (
				1D6058910D05DD3D006BFB54 /* CustomCallout.app */,
			);
			name = Products;
			sourceTree = "<group>";
		};
		29B97314FDCFA39411CA2CEA /* CustomTemplate */ = {
			isa = PBXGroup;
			children = (
				080E96DDFE201D6D7F000001 /* Classes */,
				29B97315FDCFA39411CA2CEA /* Other Sources */,
				29B97317FDCFA39411CA2CEA /* Resources */,
				29B97323FDCFA39411CA2CEA /* Frameworks */,
				19C28FACFE9D520D11CA2CBB /* Products */,
			);
			name = CustomTemplate;
			sourceTree = "<group>";
		};
		29B97315FDCFA39411CA2CEA /* Other Sources */ = {
			isa = PBXGroup;
			children = (
				32CA4F630368D1EE00C91783 /* CustomCallout_Prefix.pch */,
				29B97316FDCFA39411CA2CEA /* main.m */,
			);
			name = "Other Sources";
			sourceTree = "<group>";
		};
		29B97317FDCFA39411CA2CEA /* Resources */ = {
			isa = PBXGroup;
			children = (
				ECC640BF12EEFB4800D0D50E /* callout */,
				2899E5210DE3E06400AC0155 /* CustomCalloutViewController.xib */,
				28AD733E0D9D9553002E5188 /* MainWindow.xib */,
				8D1107310486CEB800E47090 /* CustomCallout-Info.plist */,
			);
			name = Resources;
			sourceTree = "<group>";
		};
		29B97323FDCFA39411CA2CEA /* Frameworks */ = {
			isa = PBXGroup;
			children = (
				1DF5F4DF0D08C38300B7A737 /* UIKit.framework */,
				1D30AB110D05D00D00671497 /* Foundation.framework */,
				288765A40DF7441C002DB57D /* CoreGraphics.framework */,
			);
			name = Frameworks;
			sourceTree = "<group>";
		};
		ECC640BF12EEFB4800D0D50E /* callout */ = {
			isa = PBXGroup;
			children = (
				ECC640C112EEFB4800D0D50E /* UICalloutViewTopAnchor@2x.png */,
				ECC640C212EEFB4800D0D50E /* UICalloutViewRightCap@2x.png */,
				ECC640C312EEFB4800D0D50E /* UICalloutViewLeftCap@2x.png */,
				ECC640C412EEFB4800D0D50E /* UICalloutViewBottomAnchor@2x.png */,
				ECC640C512EEFB4800D0D50E /* UICalloutViewBackground@2x.png */,
				ECC640C612EEFB4800D0D50E /* UICalloutViewTopAnchor.png */,
				ECC640C712EEFB4800D0D50E /* UICalloutViewRightCap.png */,
				ECC640C812EEFB4800D0D50E /* UICalloutViewLeftCap.png */,
				ECC640C912EEFB4800D0D50E /* UICalloutViewBottomAnchor.png */,
				ECC640CA12EEFB4800D0D50E /* UICalloutViewBackground.png */,
			);
			name = callout;
			sourceTree = "<group>";
		};
/* End PBXGroup section */

/* Begin PBXNativeTarget section */
		1D6058900D05DD3D006BFB54 /* CustomCallout */ = {
			isa = PBXNativeTarget;
			buildConfigurationList = 1D6058960D05DD3E006BFB54 /* Build configuration list for PBXNativeTarget "CustomCallout" */;
			buildPhases = (
				1D60588D0D05DD3D006BFB54 /* Resources */,
				1D60588E0D05DD3D006BFB54 /* Sources */,
				1D60588F0D05DD3D006BFB54 /* Frameworks */,
			);
			buildRules = (
			);
			dependencies = (
			);
			name = CustomCallout;
			productName = CustomCallout;
			productReference = 1D6058910D05DD3D006BFB54 /* CustomCallout.app */;
			productType = "com.apple.product-type.application";
		};
/* End PBXNativeTarget section */

/* Begin PBXProject section */
		29B97313FDCFA39411CA2CEA /* Project object */ = {
			isa = PBXProject;
			buildConfigurationList = C01FCF4E08A954540054247B /* Build configuration list for PBXProject "CustomCallout" */;
			compatibilityVersion = "Xcode 3.1";
			developmentRegion = English;
			hasScannedForEncodings = 1;
			knownRegions = (
				English,
				Japanese,
				French,
				German,
			);
			mainGroup = 29B97314FDCFA39411CA2CEA /* CustomTemplate */;
			projectDirPath = "";
			projectRoot = "";
			targets = (
				1D6058900D05DD3D006BFB54 /* CustomCallout */,
			);
		};
/* End PBXProject section */

/* Begin PBXResourcesBuildPhase section */
		1D60588D0D05DD3D006BFB54 /* Resources */ = {
			isa = PBXResourcesBuildPhase;
			buildActionMask = 2147483647;
			files = (
				28AD733F0D9D9553002E5188 /* MainWindow.xib in Resources */,
				2899E5220DE3E06400AC0155 /* CustomCalloutViewController.xib in Resources */,
				ECC640CC12EEFB4800D0D50E /* UICalloutViewTopAnchor@2x.png in Resources */,
				ECC640CD12EEFB4800D0D50E /* UICalloutViewRightCap@2x.png in Resources */,
				ECC640CE12EEFB4800D0D50E /* UICalloutViewLeftCap@2x.png in Resources */,
				ECC640CF12EEFB4800D0D50E /* UICalloutViewBottomAnchor@2x.png in Resources */,
				ECC640D012EEFB4800D0D50E /* UICalloutViewBackground@2x.png in Resources */,
				ECC640D112EEFB4800D0D50E /* UICalloutViewTopAnchor.png in Resources */,
				ECC640D212EEFB4800D0D50E /* UICalloutViewRightCap.png in Resources */,
				ECC640D312EEFB4800D0D50E /* UICalloutViewLeftCap.png in Resources */,
				ECC640D412EEFB4800D0D50E /* UICalloutViewBottomAnchor.png in Resources */,
				ECC640D512EEFB4800D0D50E /* UICalloutViewBackground.png in Resources */,
			);
			runOnlyForDeploymentPostprocessing = 0;
		};
/* End PBXResourcesBuildPhase section */

/* Begin PBXSourcesBuildPhase section */
		1D60588E0D05DD3D006BFB54 /* Sources */ = {
			isa = PBXSourcesBuildPhase;
			buildActionMask = 2147483647;
			files = (
				1D60589B0D05DD56006BFB54 /* main.m in Sources */,
				1D3623260D0F684500981E51 /* CustomCalloutAppDelegate.m in Sources */,
				28D7ACF80DDB3853001CB0EB /* CustomCalloutViewController.m in Sources */,
				ECC640DA12EEFB5400D0D50E /* UIView+position.m in Sources */,
				ECC640DB12EEFB5400D0D50E /* CustomCallout.m in Sources */,
			);
			runOnlyForDeploymentPostprocessing = 0;
		};
/* End PBXSourcesBuildPhase section */

/* Begin XCBuildConfiguration section */
		1D6058940D05DD3E006BFB54 /* Debug */ = {
			isa = XCBuildConfiguration;
			buildSettings = {
				ALWAYS_SEARCH_USER_PATHS = NO;
				COPY_PHASE_STRIP = NO;
				GCC_DYNAMIC_NO_PIC = NO;
				GCC_OPTIMIZATION_LEVEL = 0;
				GCC_PRECOMPILE_PREFIX_HEADER = YES;
				GCC_PREFIX_HEADER = CustomCallout_Prefix.pch;
				INFOPLIST_FILE = "CustomCallout-Info.plist";
				PRODUCT_NAME = CustomCallout;
			};
			name = Debug;
		};
		1D6058950D05DD3E006BFB54 /* Release */ = {
			isa = XCBuildConfiguration;
			buildSettings = {
				ALWAYS_SEARCH_USER_PATHS = NO;
				COPY_PHASE_STRIP = YES;
				GCC_PRECOMPILE_PREFIX_HEADER = YES;
				GCC_PREFIX_HEADER = CustomCallout_Prefix.pch;
				INFOPLIST_FILE = "CustomCallout-Info.plist";
				PRODUCT_NAME = CustomCallout;
				VALIDATE_PRODUCT = YES;
			};
			name = Release;
		};
		C01FCF4F08A954540054247B /* Debug */ = {
			isa = XCBuildConfiguration;
			buildSettings = {
				ARCHS = "$(ARCHS_STANDARD_32_BIT)";
				"CODE_SIGN_IDENTITY[sdk=iphoneos*]" = "iPhone Developer";
				GCC_C_LANGUAGE_STANDARD = c99;
				GCC_WARN_ABOUT_RETURN_TYPE = YES;
				GCC_WARN_UNUSED_VARIABLE = YES;
				PREBINDING = NO;
				SDKROOT = iphoneos;
			};
			name = Debug;
		};
		C01FCF5008A954540054247B /* Release */ = {
			isa = XCBuildConfiguration;
			buildSettings = {
				ARCHS = "$(ARCHS_STANDARD_32_BIT)";
				"CODE_SIGN_IDENTITY[sdk=iphoneos*]" = "iPhone Developer";
				GCC_C_LANGUAGE_STANDARD = c99;
				GCC_WARN_ABOUT_RETURN_TYPE = YES;
				GCC_WARN_UNUSED_VARIABLE = YES;
				OTHER_CFLAGS = "-DNS_BLOCK_ASSERTIONS=1";
				PREBINDING = NO;
				SDKROOT = iphoneos;
			};
			name = Release;
		};
/* End XCBuildConfiguration section */

/* Begin XCConfigurationList section */
		1D6058960D05DD3E006BFB54 /* Build configuration list for PBXNativeTarget "CustomCallout" */ = {
			isa = XCConfigurationList;
			buildConfigurations = (
				1D6058940D05DD3E006BFB54 /* Debug */,
				1D6058950D05DD3E006BFB54 /* Release */,
			);
			defaultConfigurationIsVisible = 0;
			defaultConfigurationName = Release;
		};
		C01FCF4E08A954540054247B /* Build configuration list for PBXProject "CustomCallout" */ = {
			isa = XCConfigurationList;
			buildConfigurations = (
				C01FCF4F08A954540054247B /* Debug */,
				C01FCF5008A954540054247B /* Release */,
			);
			defaultConfigurationIsVisible = 0;
			defaultConfigurationName = Release;
		};
/* End XCConfigurationList section */
	};
	rootObject = 29B97313FDCFA39411CA2CEA /* Project object */;
}
